
Microsoft Visual Studio Solution File, Format Version 12.00
Project("{FAE04EC0-301F-11D3-BF4B-00C04F79EFBC}") = "AttFileDump", "AttFileDump.csproj", "{CD8F22FD-A616-4548-8E54-DD9824BB536E}"
EndProject
Global
	GlobalSection(SolutionConfigurationPlatforms) = preSolution
		Debug|Any CPU = Debug|Any CPU
		Release|X64 = Release|X64
	EndGlobalSection
	GlobalSection(ProjectConfigurationPlatforms) = postSolution
		{CD8F22FD-A616-4548-8E54-DD9824BB536E}.Debug|Any CPU.ActiveCfg = Debug|Any CPU
		{CD8F22FD-A616-4548-8E54-DD9824BB536E}.Debug|Any CPU.Build.0 = Debug|Any CPU
		{CD8F22FD-A616-4548-8E54-DD9824BB536E}.Release|X64.ActiveCfg = Release|X64
		{CD8F22FD-A616-4548-8E54-DD9824BB536E}.Release|X64.Build.0 = Release|X64
	EndGlobalSection
EndGlobal
